// !$*UTF8*$!
{
	archiveVersion = 1;
	classes = {
	};
	objectVersion = 48;
	objects = {

/* Begin PBXBuildFile section */
		0FC4892C203429360086CFCD /* Winform.cpp in Sources */ = {isa = PBXBuildFile; fileRef = 0FC4892A203429360086CFCD /* Winform.cpp */; };
		0FC48934203514410086CFCD /* VertexObject.cpp in Sources */ = {isa = PBXBuildFile; fileRef = 0FC48932203514410086CFCD /* VertexObject.cpp */; };
		0FC48937203514BA0086CFCD /* TestCase1.cpp in Sources */ = {isa = PBXBuildFile; fileRef = 0FC48935203514BA0086CFCD /* TestCase1.cpp */; };
		0FF10F722035491E00E07F71 /* Shader.cpp in Sources */ = {isa = PBXBuildFile; fileRef = 0FF10F70203548E000E07F71 /* Shader.cpp */; };
		0FF10F732035491E00E07F71 /* Shader.hpp in Sources */ = {isa = PBXBuildFile; fileRef = 0FF10F71203548E000E07F71 /* Shader.hpp */; };
		688208C51FF64937001FC4FC /* main.cpp in Sources */ = {isa = PBXBuildFile; fileRef = 688208C41FF64937001FC4FC /* main.cpp */; };
		688208CC1FF65205001FC4FC /* libglfw.3.2.dylib in Frameworks */ = {isa = PBXBuildFile; fileRef = 688208CB1FF65205001FC4FC /* libglfw.3.2.dylib */; };
		688208CE1FF65218001FC4FC /* libGLEW.2.1.0.dylib in Frameworks */ = {isa = PBXBuildFile; fileRef = 688208CD1FF65218001FC4FC /* libGLEW.2.1.0.dylib */; };
		688208D11FF67B49001FC4FC /* OpenGL.framework in Frameworks */ = {isa = PBXBuildFile; fileRef = 688208D01FF67B48001FC4FC /* OpenGL.framework */; };
/* End PBXBuildFile section */

/* Begin PBXCopyFilesBuildPhase section */
		688208BF1FF64936001FC4FC /* CopyFiles */ = {
			isa = PBXCopyFilesBuildPhase;
			buildActionMask = 2147483647;
			dstPath = /usr/share/man/man1/;
			dstSubfolderSpec = 0;
			files = (
			);
			runOnlyForDeploymentPostprocessing = 1;
		};
/* End PBXCopyFilesBuildPhase section */

/* Begin PBXFileReference section */
		0FC4892A203429360086CFCD /* Winform.cpp */ = {isa = PBXFileReference; lastKnownFileType = sourcecode.cpp.cpp; path = Winform.cpp; sourceTree = "<group>"; };
		0FC4892B203429360086CFCD /* Winform.h */ = {isa = PBXFileReference; lastKnownFileType = sourcecode.c.h; path = Winform.h; sourceTree = "<group>"; };
		0FC48932203514410086CFCD /* VertexObject.cpp */ = {isa = PBXFileReference; lastKnownFileType = sourcecode.cpp.cpp; path = VertexObject.cpp; sourceTree = "<group>"; };
		0FC48933203514410086CFCD /* VertexObject.hpp */ = {isa = PBXFileReference; lastKnownFileType = sourcecode.cpp.h; path = VertexObject.hpp; sourceTree = "<group>"; };
		0FC48935203514BA0086CFCD /* TestCase1.cpp */ = {isa = PBXFileReference; lastKnownFileType = sourcecode.cpp.cpp; path = TestCase1.cpp; sourceTree = "<group>"; };
		0FC48936203514BA0086CFCD /* TestCase1.hpp */ = {isa = PBXFileReference; lastKnownFileType = sourcecode.cpp.h; path = TestCase1.hpp; sourceTree = "<group>"; };
		0FF10F70203548E000E07F71 /* Shader.cpp */ = {isa = PBXFileReference; lastKnownFileType = sourcecode.cpp.cpp; path = Shader.cpp; sourceTree = "<group>"; };
		0FF10F71203548E000E07F71 /* Shader.hpp */ = {isa = PBXFileReference; lastKnownFileType = sourcecode.cpp.h; path = Shader.hpp; sourceTree = "<group>"; };
		688208C11FF64937001FC4FC /* p1 */ = {isa = PBXFileReference; explicitFileType = "compiled.mach-o.executable"; includeInIndex = 0; path = p1; sourceTree = BUILT_PRODUCTS_DIR; };
		688208C41FF64937001FC4FC /* main.cpp */ = {isa = PBXFileReference; lastKnownFileType = sourcecode.cpp.cpp; path = main.cpp; sourceTree = "<group>"; };
		688208CB1FF65205001FC4FC /* libglfw.3.2.dylib */ = {isa = PBXFileReference; lastKnownFileType = "compiled.mach-o.dylib"; path = libglfw.3.2.dylib; sourceTree = "<group>"; };
		688208CD1FF65218001FC4FC /* libGLEW.2.1.0.dylib */ = {isa = PBXFileReference; lastKnownFileType = "compiled.mach-o.dylib"; path = libGLEW.2.1.0.dylib; sourceTree = "<group>"; };
		688208D01FF67B48001FC4FC /* OpenGL.framework */ = {isa = PBXFileReference; lastKnownFileType = wrapper.framework; name = OpenGL.framework; path = System/Library/Frameworks/OpenGL.framework; sourceTree = SDKROOT; };
/* End PBXFileReference section */

/* Begin PBXFrameworksBuildPhase section */
		688208BE1FF64936001FC4FC /* Frameworks */ = {
			isa = PBXFrameworksBuildPhase;
			buildActionMask = 2147483647;
			files = (
				688208D11FF67B49001FC4FC /* OpenGL.framework in Frameworks */,
				688208CE1FF65218001FC4FC /* libGLEW.2.1.0.dylib in Frameworks */,
				688208CC1FF65205001FC4FC /* libglfw.3.2.dylib in Frameworks */,
			);
			runOnlyForDeploymentPostprocessing = 0;
		};
/* End PBXFrameworksBuildPhase section */

/* Begin PBXGroup section */
		0FC48931203514140086CFCD /* Scene */ = {
			isa = PBXGroup;
			children = (
				0FC48935203514BA0086CFCD /* TestCase1.cpp */,
				0FC48936203514BA0086CFCD /* TestCase1.hpp */,
			);
			path = Scene;
			sourceTree = "<group>";
		};
		0FF10F6F203548E000E07F71 /* common */ = {
			isa = PBXGroup;
			children = (
				0FF10F70203548E000E07F71 /* Shader.cpp */,
				0FF10F71203548E000E07F71 /* Shader.hpp */,
			);
			path = common;
			sourceTree = "<group>";
		};
		688208B81FF64936001FC4FC = {
			isa = PBXGroup;
			children = (
				688208C31FF64937001FC4FC /* p1 */,
				688208C21FF64937001FC4FC /* Products */,
				688208CB1FF65205001FC4FC /* libglfw.3.2.dylib */,
				688208CD1FF65218001FC4FC /* libGLEW.2.1.0.dylib */,
				688208CF1FF67B48001FC4FC /* Frameworks */,
			);
			sourceTree = "<group>";
		};
		688208C21FF64937001FC4FC /* Products */ = {
			isa = PBXGroup;
			children = (
				688208C11FF64937001FC4FC /* p1 */,
			);
			name = Products;
			sourceTree = "<group>";
		};
		688208C31FF64937001FC4FC /* p1 */ = {
			isa = PBXGroup;
			children = (
				0FF10F6F203548E000E07F71 /* common */,
				0FC48931203514140086CFCD /* Scene */,
				688208C41FF64937001FC4FC /* main.cpp */,
				0FC4892A203429360086CFCD /* Winform.cpp */,
				0FC4892B203429360086CFCD /* Winform.h */,
				0FC48932203514410086CFCD /* VertexObject.cpp */,
				0FC48933203514410086CFCD /* VertexObject.hpp */,
			);
			path = p1;
			sourceTree = "<group>";
		};
		688208CF1FF67B48001FC4FC /* Frameworks */ = {
			isa = PBXGroup;
			children = (
				688208D01FF67B48001FC4FC /* OpenGL.framework */,
			);
			name = Frameworks;
			sourceTree = "<group>";
		};
/* End PBXGroup section */

/* Begin PBXNativeTarget section */
		688208C01FF64936001FC4FC /* p1 */ = {
			isa = PBXNativeTarget;
			buildConfigurationList = 688208C81FF64937001FC4FC /* Build configuration list for PBXNativeTarget "p1" */;
			buildPhases = (
				688208BD1FF64936001FC4FC /* Sources */,
				688208BE1FF64936001FC4FC /* Frameworks */,
				688208BF1FF64936001FC4FC /* CopyFiles */,
			);
			buildRules = (
			);
			dependencies = (
			);
			name = p1;
			productName = p1;
			productReference = 688208C11FF64937001FC4FC /* p1 */;
			productType = "com.apple.product-type.tool";
		};
/* End PBXNativeTarget section */

/* Begin PBXProject section */
		688208B91FF64936001FC4FC /* Project object */ = {
			isa = PBXProject;
			attributes = {
				LastUpgradeCheck = 0920;
				ORGANIZATIONNAME = playcrab;
				TargetAttributes = {
					688208C01FF64936001FC4FC = {
						CreatedOnToolsVersion = 9.2;
						ProvisioningStyle = Automatic;
					};
				};
			};
			buildConfigurationList = 688208BC1FF64936001FC4FC /* Build configuration list for PBXProject "p1" */;
			compatibilityVersion = "Xcode 8.0";
			developmentRegion = en;
			hasScannedForEncodings = 0;
			knownRegions = (
				en,
			);
			mainGroup = 688208B81FF64936001FC4FC;
			productRefGroup = 688208C21FF64937001FC4FC /* Products */;
			projectDirPath = "";
			projectRoot = "";
			targets = (
				688208C01FF64936001FC4FC /* p1 */,
			);
		};
/* End PBXProject section */

/* Begin PBXSourcesBuildPhase section */
		688208BD1FF64936001FC4FC /* Sources */ = {
			isa = PBXSourcesBuildPhase;
			buildActionMask = 2147483647;
			files = (
				0FF10F722035491E00E07F71 /* Shader.cpp in Sources */,
				0FF10F732035491E00E07F71 /* Shader.hpp in Sources */,
				0FC48937203514BA0086CFCD /* TestCase1.cpp in Sources */,
				0FC4892C203429360086CFCD /* Winform.cpp in Sources */,
				0FC48934203514410086CFCD /* VertexObject.cpp in Sources */,
				688208C51FF64937001FC4FC /* main.cpp in Sources */,
			);
			runOnlyForDeploymentPostprocessing = 0;
		};
/* End PBXSourcesBuildPhase section */

/* Begin XCBuildConfiguration section */
		688208C61FF64937001FC4FC /* Debug */ = {
			isa = XCBuildConfiguration;
			buildSettings = {
				ALWAYS_SEARCH_USER_PATHS = NO;
				CLANG_ANALYZER_NONNULL = YES;
				CLANG_ANALYZER_NUMBER_OBJECT_CONVERSION = YES_AGGRESSIVE;
				CLANG_CXX_LANGUAGE_STANDARD = "gnu++14";
				CLANG_CXX_LIBRARY = "libc++";
				CLANG_ENABLE_MODULES = YES;
				CLANG_ENABLE_OBJC_ARC = YES;
				CLANG_WARN_BLOCK_CAPTURE_AUTORELEASING = YES;
				CLANG_WARN_BOOL_CONVERSION = YES;
				CLANG_WARN_COMMA = YES;
				CLANG_WARN_CONSTANT_CONVERSION = YES;
				CLANG_WARN_DIRECT_OBJC_ISA_USAGE = YES_ERROR;
				CLANG_WARN_DOCUMENTATION_COMMENTS = YES;
				CLANG_WARN_EMPTY_BODY = YES;
				CLANG_WARN_ENUM_CONVERSION = YES;
				CLANG_WARN_INFINITE_RECURSION = YES;
				CLANG_WARN_INT_CONVERSION = YES;
				CLANG_WARN_NON_LITERAL_NULL_CONVERSION = YES;
				CLANG_WARN_OBJC_LITERAL_CONVERSION = YES;
				CLANG_WARN_OBJC_ROOT_CLASS = YES_ERROR;
				CLANG_WARN_RANGE_LOOP_ANALYSIS = YES;
				CLANG_WARN_STRICT_PROTOTYPES = YES;
				CLANG_WARN_SUSPICIOUS_MOVE = YES;
				CLANG_WARN_UNGUARDED_AVAILABILITY = YES_AGGRESSIVE;
				CLANG_WARN_UNREACHABLE_CODE = YES;
				CLANG_WARN__DUPLICATE_METHOD_MATCH = YES;
				CODE_SIGN_IDENTITY = "-";
				COPY_PHASE_STRIP = NO;
				DEBUG_INFORMATION_FORMAT = dwarf;
				ENABLE_STRICT_OBJC_MSGSEND = YES;
				ENABLE_TESTABILITY = YES;
				GCC_C_LANGUAGE_STANDARD = gnu11;
				GCC_DYNAMIC_NO_PIC = NO;
				GCC_NO_COMMON_BLOCKS = YES;
				GCC_OPTIMIZATION_LEVEL = 0;
				GCC_PREPROCESSOR_DEFINITIONS = (
					"DEBUG=1",
					"$(inherited)",
				);
				GCC_WARN_64_TO_32_BIT_CONVERSION = YES;
				GCC_WARN_ABOUT_RETURN_TYPE = YES_ERROR;
				GCC_WARN_UNDECLARED_SELECTOR = YES;
				GCC_WARN_UNINITIALIZED_AUTOS = YES_AGGRESSIVE;
				GCC_WARN_UNUSED_FUNCTION = YES;
				GCC_WARN_UNUSED_VARIABLE = YES;
				MACOSX_DEPLOYMENT_TARGET = 10.13;
				MTL_ENABLE_DEBUG_INFO = YES;
				ONLY_ACTIVE_ARCH = YES;
				SDKROOT = macosx;
			};
			name = Debug;
		};
		688208C71FF64937001FC4FC /* Release */ = {
			isa = XCBuildConfiguration;
			buildSettings = {
				ALWAYS_SEARCH_USER_PATHS = NO;
				CLANG_ANALYZER_NONNULL = YES;
				CLANG_ANALYZER_NUMBER_OBJECT_CONVERSION = YES_AGGRESSIVE;
				CLANG_CXX_LANGUAGE_STANDARD = "gnu++14";
				CLANG_CXX_LIBRARY = "libc++";
				CLANG_ENABLE_MODULES = YES;
				CLANG_ENABLE_OBJC_ARC = YES;
				CLANG_WARN_BLOCK_CAPTURE_AUTORELEASING = YES;
				CLANG_WARN_BOOL_CONVERSION = YES;
				CLANG_WARN_COMMA = YES;
				CLANG_WARN_CONSTANT_CONVERSION = YES;
				CLANG_WARN_DIRECT_OBJC_ISA_USAGE = YES_ERROR;
				CLANG_WARN_DOCUMENTATION_COMMENTS = YES;
				CLANG_WARN_EMPTY_BODY = YES;
				CLANG_WARN_ENUM_CONVERSION = YES;
				CLANG_WARN_INFINITE_RECURSION = YES;
				CLANG_WARN_INT_CONVERSION = YES;
				CLANG_WARN_NON_LITERAL_NULL_CONVERSION = YES;
				CLANG_WARN_OBJC_LITERAL_CONVERSION = YES;
				CLANG_WARN_OBJC_ROOT_CLASS = YES_ERROR;
				CLANG_WARN_RANGE_LOOP_ANALYSIS = YES;
				CLANG_WARN_STRICT_PROTOTYPES = YES;
				CLANG_WARN_SUSPICIOUS_MOVE = YES;
				CLANG_WARN_UNGUARDED_AVAILABILITY = YES_AGGRESSIVE;
				CLANG_WARN_UNREACHABLE_CODE = YES;
				CLANG_WARN__DUPLICATE_METHOD_MATCH = YES;
				CODE_SIGN_IDENTITY = "-";
				COPY_PHASE_STRIP = NO;
				DEBUG_INFORMATION_FORMAT = "dwarf-with-dsym";
				ENABLE_NS_ASSERTIONS = NO;
				ENABLE_STRICT_OBJC_MSGSEND = YES;
				GCC_C_LANGUAGE_STANDARD = gnu11;
				GCC_NO_COMMON_BLOCKS = YES;
				GCC_WARN_64_TO_32_BIT_CONVERSION = YES;
				GCC_WARN_ABOUT_RETURN_TYPE = YES_ERROR;
				GCC_WARN_UNDECLARED_SELECTOR = YES;
				GCC_WARN_UNINITIALIZED_AUTOS = YES_AGGRESSIVE;
				GCC_WARN_UNUSED_FUNCTION = YES;
				GCC_WARN_UNUSED_VARIABLE = YES;
				MACOSX_DEPLOYMENT_TARGET = 10.13;
				MTL_ENABLE_DEBUG_INFO = NO;
				SDKROOT = macosx;
			};
			name = Release;
		};
		688208C91FF64937001FC4FC /* Debug */ = {
			isa = XCBuildConfiguration;
			buildSettings = {
				CODE_SIGN_STYLE = Automatic;
				HEADER_SEARCH_PATHS = (
					/usr/local/Cellar/glew/2.1.0/include,
					/usr/local/Cellar/glfw/3.2.1/include,
				);
				LIBRARY_SEARCH_PATHS = (
					"$(inherited)",
					"$(PROJECT_DIR)",
				);
				PRODUCT_NAME = "$(TARGET_NAME)";
			};
			name = Debug;
		};
		688208CA1FF64937001FC4FC /* Release */ = {
			isa = XCBuildConfiguration;
			buildSettings = {
				CODE_SIGN_STYLE = Automatic;
				HEADER_SEARCH_PATHS = (
					/usr/local/Cellar/glew/2.1.0/include,
					/usr/local/Cellar/glfw/3.2.1/include,
				);
				LIBRARY_SEARCH_PATHS = (
					"$(inherited)",
					"$(PROJECT_DIR)",
				);
				PRODUCT_NAME = "$(TARGET_NAME)";
			};
			name = Release;
		};
/* End XCBuildConfiguration section */

/* Begin XCConfigurationList section */
		688208BC1FF64936001FC4FC /* Build configuration list for PBXProject "p1" */ = {
			isa = XCConfigurationList;
			buildConfigurations = (
				688208C61FF64937001FC4FC /* Debug */,
				688208C71FF64937001FC4FC /* Release */,
			);
			defaultConfigurationIsVisible = 0;
			defaultConfigurationName = Release;
		};
		688208C81FF64937001FC4FC /* Build configuration list for PBXNativeTarget "p1" */ = {
			isa = XCConfigurationList;
			buildConfigurations = (
				688208C91FF64937001FC4FC /* Debug */,
				688208CA1FF64937001FC4FC /* Release */,
			);
			defaultConfigurationIsVisible = 0;
			defaultConfigurationName = Release;
		};
/* End XCConfigurationList section */
	};
	rootObject = 688208B91FF64936001FC4FC /* Project object */;
}
