<?xml version="1.0" encoding="utf-8"?>
<Project ToolsVersion="4.0" xmlns="http://schemas.microsoft.com/developer/msbuild/2003">
  <ItemGroup>
    <ClCompile Include="..\..\p1\p1\main.cpp" />
    <ClCompile Include="..\..\p1\p1\Winform.cpp" />
    <ClCompile Include="..\..\p1\p1\RetroLike\ObjectManager.cpp">
      <Filter>RetroLike</Filter>
    </ClCompile>
    <ClCompile Include="..\..\p1\p1\RetroLike\RetroGame.cpp">
      <Filter>RetroLike</Filter>
    </ClCompile>
    <ClCompile Include="..\..\p1\p1\RetroLike\Ecs\Component\ModelComponent.cpp">
      <Filter>RetroLike\Ecs\Component</Filter>
    </ClCompile>
    <ClCompile Include="..\..\p1\p1\RetroLike\Ecs\Component\BaseComponent.cpp">
      <Filter>RetroLike\Ecs\Component</Filter>
    </ClCompile>
    <ClCompile Include="..\..\p1\p1\RetroLike\Ecs\Entity\GameObject.cpp">
      <Filter>RetroLike\Ecs\Entity</Filter>
    </ClCompile>
    <ClCompile Include="..\..\p1\p1\RetroLike\Ecs\System\DrawModelSystem.cpp">
      <Filter>RetroLike\Ecs\System</Filter>
    </ClCompile>
    <ClCompile Include="..\..\p1\p1\RetroLike\Ecs\System\BaseSystem.cpp">
      <Filter>RetroLike\Ecs\System</Filter>
    </ClCompile>
    <ClCompile Include="..\..\p1\p1\RetroLike\Camera\Camera.cpp">
      <Filter>RetroLike\Camera</Filter>
    </ClCompile>
    <ClCompile Include="..\..\p1\p1\RetroLike\Cube.cpp">
      <Filter>RetroLike\Drawable</Filter>
    </ClCompile>
    <ClCompile Include="..\..\p1\p1\RetroLike\Drawable.cpp">
      <Filter>RetroLike\Drawable</Filter>
    </ClCompile>
    <ClCompile Include="..\..\p1\p1\RetroLike\GameWorld.cpp">
      <Filter>RetroLike\World</Filter>
    </ClCompile>
    <ClCompile Include="..\..\p1\p1\objloader\ObjLoader.cpp">
      <Filter>ResLoader</Filter>
    </ClCompile>
    <ClCompile Include="..\..\p1\p1\common\Shader.cpp">
      <Filter>common</Filter>
    </ClCompile>
    <ClCompile Include="..\..\p1\p1\control\Control.cpp">
      <Filter>Control</Filter>
    </ClCompile>
    <ClCompile Include="..\..\p1\p1\imgloader\BmpLoader.cpp">
      <Filter>ResLoader</Filter>
    </ClCompile>
    <ClCompile Include="..\..\p1\p1\Scene\TestCase1.cpp">
      <Filter>Test</Filter>
    </ClCompile>
    <ClCompile Include="..\..\p1\p1\VertexObject.cpp">
      <Filter>Test</Filter>
    </ClCompile>
  </ItemGroup>
  <ItemGroup>
    <ClInclude Include="..\..\p1\p1\Winform.h" />
    <ClInclude Include="..\..\p1\p1\RetroLike\ObjectManager.hpp">
      <Filter>RetroLike</Filter>
    </ClInclude>
    <ClInclude Include="..\..\p1\p1\RetroLike\RetroGame.hpp">
      <Filter>RetroLike</Filter>
    </ClInclude>
    <ClInclude Include="..\..\p1\p1\RetroLike\Ecs\Component\BaseComponent.hpp">
      <Filter>RetroLike\Ecs\Component</Filter>
    </ClInclude>
    <ClInclude Include="..\..\p1\p1\RetroLike\Ecs\Component\ModelComponent.hpp">
      <Filter>RetroLike\Ecs\Component</Filter>
    </ClInclude>
    <ClInclude Include="..\..\p1\p1\RetroLike\Ecs\Entity\GameObject.hpp">
      <Filter>RetroLike\Ecs\Entity</Filter>
    </ClInclude>
    <ClInclude Include="..\..\p1\p1\RetroLike\Ecs\System\DrawModelSystem.hpp">
      <Filter>RetroLike\Ecs\System</Filter>
    </ClInclude>
    <ClInclude Include="..\..\p1\p1\RetroLike\Ecs\System\BaseSystem.hpp">
      <Filter>RetroLike\Ecs\System</Filter>
    </ClInclude>
    <ClInclude Include="..\..\p1\p1\RetroLike\Camera\Camera.hpp">
      <Filter>RetroLike\Camera</Filter>
    </ClInclude>
    <ClInclude Include="..\..\p1\p1\RetroLike\Drawable.hpp">
      <Filter>RetroLike\Drawable</Filter>
    </ClInclude>
    <ClInclude Include="..\..\p1\p1\RetroLike\Cube.hpp">
      <Filter>RetroLike\Drawable</Filter>
    </ClInclude>
    <ClInclude Include="..\..\p1\p1\RetroLike\GameWorld.hpp">
      <Filter>RetroLike\World</Filter>
    </ClInclude>
    <ClInclude Include="..\..\p1\p1\objloader\ObjLoader.hpp">
      <Filter>ResLoader</Filter>
    </ClInclude>
    <ClInclude Include="..\..\p1\p1\common\Shader.hpp">
      <Filter>common</Filter>
    </ClInclude>
    <ClInclude Include="..\..\p1\p1\control\Control.hpp">
      <Filter>Control</Filter>
    </ClInclude>
    <ClInclude Include="..\..\p1\p1\imgloader\BmpLoader.hpp">
      <Filter>ResLoader</Filter>
    </ClInclude>
    <ClInclude Include="..\..\p1\p1\VertexObject.hpp">
      <Filter>Test</Filter>
    </ClInclude>
    <ClInclude Include="..\..\p1\p1\Scene\TestCase1.hpp">
      <Filter>Test</Filter>
    </ClInclude>
  </ItemGroup>
  <ItemGroup>
    <Filter Include="RetroLike">
      <UniqueIdentifier>{34aa9591-75ae-4c27-b3be-592c5507af9b}</UniqueIdentifier>
    </Filter>
    <Filter Include="RetroLike\Ecs">
      <UniqueIdentifier>{63408c57-e965-4718-9a02-98b5d4c4bf5a}</UniqueIdentifier>
    </Filter>
    <Filter Include="RetroLike\Ecs\Component">
      <UniqueIdentifier>{a59853e2-0c02-4fcb-b0b5-4e7506e43c96}</UniqueIdentifier>
    </Filter>
    <Filter Include="RetroLike\Ecs\Entity">
      <UniqueIdentifier>{b2ae45eb-8a13-4824-9e27-edddffb89a0b}</UniqueIdentifier>
    </Filter>
    <Filter Include="RetroLike\Ecs\System">
      <UniqueIdentifier>{b65859e7-0780-4aa7-9b6b-60a009214da7}</UniqueIdentifier>
    </Filter>
    <Filter Include="RetroLike\Camera">
      <UniqueIdentifier>{bace3788-280f-4e66-a3e2-c66fb3f2a5a9}</UniqueIdentifier>
    </Filter>
    <Filter Include="RetroLike\Drawable">
      <UniqueIdentifier>{2bae8a15-1a1c-4866-adcf-d214287eb486}</UniqueIdentifier>
    </Filter>
    <Filter Include="RetroLike\World">
      <UniqueIdentifier>{ef2c5139-de8f-4b75-a602-28899e85bc82}</UniqueIdentifier>
    </Filter>
    <Filter Include="ResLoader">
      <UniqueIdentifier>{6afa759e-8bd0-4bab-aea7-94952689b32f}</UniqueIdentifier>
    </Filter>
    <Filter Include="Control">
      <UniqueIdentifier>{024982c2-925f-4635-94ee-7ad7659654e7}</UniqueIdentifier>
    </Filter>
    <Filter Include="Test">
      <UniqueIdentifier>{1438299d-d3d2-4d4b-9a73-3bff2ac03667}</UniqueIdentifier>
    </Filter>
    <Filter Include="common">
      <UniqueIdentifier>{32797829-6b01-4e29-b053-663bc41b8e32}</UniqueIdentifier>
    </Filter>
  </ItemGroup>
</Project>